
Microsoft Visual Studio Solution File, Format Version 12.00
# Visual Studio 15
VisualStudioVersion = 15.0.28010.2041
MinimumVisualStudioVersion = 10.0.40219.1
Project("{8BC9CEB8-8B4A-11D0-8D11-00A0C91BC942}") = "WavyBoi", "WavyBoi\WavyBoi.vcxproj", "{B8AD3EE0-390B-4B2D-85AD-51268FC6C1DA}"
EndProject
Global
	GlobalSection(SolutionConfigurationPlatforms) = preSolution
		Debug|x64 = Debug|x64
		Debug|x86 = Debug|x86
		Examples|x64 = Examples|x64
		Examples|x86 = Examples|x86
		Release|x64 = Release|x64
		Release|x86 = Release|x86
	EndGlobalSection
	GlobalSection(ProjectConfigurationPlatforms) = postSolution
		{B8AD3EE0-390B-4B2D-85AD-51268FC6C1DA}.Debug|x64.ActiveCfg = Debug|x64
		{B8AD3EE0-390B-4B2D-85AD-51268FC6C1DA}.Debug|x64.Build.0 = Debug|x64
		{B8AD3EE0-390B-4B2D-85AD-51268FC6C1DA}.Debug|x86.ActiveCfg = Debug|Win32
		{B8AD3EE0-390B-4B2D-85AD-51268FC6C1DA}.Debug|x86.Build.0 = Debug|Win32
		{B8AD3EE0-390B-4B2D-85AD-51268FC6C1DA}.Examples|x64.ActiveCfg = Release|x64
		{B8AD3EE0-390B-4B2D-85AD-51268FC6C1DA}.Examples|x64.Build.0 = Release|x64
		{B8AD3EE0-390B-4B2D-85AD-51268FC6C1DA}.Examples|x86.ActiveCfg = Release|Win32
		{B8AD3EE0-390B-4B2D-85AD-51268FC6C1DA}.Examples|x86.Build.0 = Release|Win32
		{B8AD3EE0-390B-4B2D-85AD-51268FC6C1DA}.Release|x64.ActiveCfg = Release|x64
		{B8AD3EE0-390B-4B2D-85AD-51268FC6C1DA}.Release|x64.Build.0 = Release|x64
		{B8AD3EE0-390B-4B2D-85AD-51268FC6C1DA}.Release|x86.ActiveCfg = Release|Win32
		{B8AD3EE0-390B-4B2D-85AD-51268FC6C1DA}.Release|x86.Build.0 = Release|Win32
	EndGlobalSection
	GlobalSection(SolutionProperties) = preSolution
		HideSolutionNode = FALSE
	EndGlobalSection
	GlobalSection(ExtensibilityGlobals) = postSolution
		SolutionGuid = {50D183EC-B1C9-4694-9FD5-7952FAF4DF7F}
	EndGlobalSection
EndGlobal
