<?xml version="1.0" encoding="utf-8"?>
<Project ToolsVersion="4.0" xmlns="http://schemas.microsoft.com/developer/msbuild/2003">
  <ItemGroup>
    <Filter Include="Source Files">
      <UniqueIdentifier>{4FC737F1-C7A5-4376-A066-2A32D752A2FF}</UniqueIdentifier>
      <Extensions>cpp;c;cc;cxx;def;odl;idl;hpj;bat;asm;asmx</Extensions>
    </Filter>
    <Filter Include="Header Files">
      <UniqueIdentifier>{93995380-89BD-4b04-88EB-625FBE52EBFB}</UniqueIdentifier>
      <Extensions>h;hh;hpp;hxx;hm;inl;inc;ipp;xsd</Extensions>
    </Filter>
    <Filter Include="Resource Files">
      <UniqueIdentifier>{67DA6AB6-F800-4c08-8B7A-83BB121AAD01}</UniqueIdentifier>
      <Extensions>rc;ico;cur;bmp;dlg;rc2;rct;bin;rgs;gif;jpg;jpeg;jpe;resx;tiff;tif;png;wav;mfcribbon-ms</Extensions>
    </Filter>
  </ItemGroup>
  <ItemGroup>
    <ClInclude Include="pch.h">
      <Filter>Header Files</Filter>
    </ClInclude>
    <ClInclude Include="AnimationManager.h">
      <Filter>Header Files</Filter>
    </ClInclude>
    <ClInclude Include="Common.h">
      <Filter>Header Files</Filter>
    </ClInclude>
    <ClInclude Include="ControlWindow.h">
      <Filter>Header Files</Filter>
    </ClInclude>
    <ClInclude Include="DisplayWindow.h">
      <Filter>Header Files</Filter>
    </ClInclude>
    <ClInclude Include="Menu.h">
      <Filter>Header Files</Filter>
    </ClInclude>
    <ClInclude Include="Object\GuiObject.h">
      <Filter>Header Files</Filter>
    </ClInclude>
    <ClInclude Include="Object\Image.h">
      <Filter>Header Files</Filter>
    </ClInclude>
    <ClInclude Include="Object\Link.h">
      <Filter>Header Files</Filter>
    </ClInclude>
    <ClInclude Include="Object\Object.h">
      <Filter>Header Files</Filter>
    </ClInclude>
    <ClInclude Include="Object\Parameter.h">
      <Filter>Header Files</Filter>
    </ClInclude>
    <ClInclude Include="Object\Video.h">
      <Filter>Header Files</Filter>
    </ClInclude>
    <ClInclude Include="Object\VideoLoop.h">
      <Filter>Header Files</Filter>
    </ClInclude>
  </ItemGroup>
  <ItemGroup>
    <ClCompile Include="pch.cpp">
      <Filter>Source Files</Filter>
    </ClCompile>
    <ClCompile Include="WavyBoi.cpp">
      <Filter>Source Files</Filter>
    </ClCompile>
    <ClCompile Include="AnimationManager.cpp">
      <Filter>Source Files</Filter>
    </ClCompile>
    <ClCompile Include="ControlWindow.cpp">
      <Filter>Source Files</Filter>
    </ClCompile>
    <ClCompile Include="DisplayWindow.cpp">
      <Filter>Source Files</Filter>
    </ClCompile>
    <ClCompile Include="Menu.cpp">
      <Filter>Source Files</Filter>
    </ClCompile>
    <ClCompile Include="Object\Image.cpp">
      <Filter>Source Files</Filter>
    </ClCompile>
    <ClCompile Include="Object\Link.cpp">
      <Filter>Source Files</Filter>
    </ClCompile>
    <ClCompile Include="Object\Object.cpp">
      <Filter>Source Files</Filter>
    </ClCompile>
    <ClCompile Include="Object\Parameter.cpp">
      <Filter>Source Files</Filter>
    </ClCompile>
    <ClCompile Include="Object\Video.cpp">
      <Filter>Source Files</Filter>
    </ClCompile>
    <ClCompile Include="Object\VideoLoop.cpp">
      <Filter>Source Files</Filter>
    </ClCompile>
    <ClCompile Include="Common.cpp">
      <Filter>Source Files</Filter>
    </ClCompile>
  </ItemGroup>
  <ItemGroup>
    <None Include="..\..\..\SFML-2.5.0-windows-vc15-32-bit\SFML-2.5.0\bin\openal32.dll" />
    <None Include="..\..\..\SFML-2.5.0-windows-vc15-32-bit\SFML-2.5.0\bin\sfml-audio-2.dll" />
    <None Include="..\..\..\SFML-2.5.0-windows-vc15-32-bit\SFML-2.5.0\bin\sfml-audio-d-2.dll" />
    <None Include="..\..\..\SFML-2.5.0-windows-vc15-32-bit\SFML-2.5.0\bin\sfml-graphics-2.dll" />
    <None Include="..\..\..\SFML-2.5.0-windows-vc15-32-bit\SFML-2.5.0\bin\sfml-graphics-d-2.dll" />
    <None Include="..\..\..\SFML-2.5.0-windows-vc15-32-bit\SFML-2.5.0\bin\sfml-network-2.dll" />
    <None Include="..\..\..\SFML-2.5.0-windows-vc15-32-bit\SFML-2.5.0\bin\sfml-network-d-2.dll" />
    <None Include="..\..\..\SFML-2.5.0-windows-vc15-32-bit\SFML-2.5.0\bin\sfml-system-2.dll" />
    <None Include="..\..\..\SFML-2.5.0-windows-vc15-32-bit\SFML-2.5.0\bin\sfml-system-d-2.dll" />
    <None Include="..\..\..\SFML-2.5.0-windows-vc15-32-bit\SFML-2.5.0\bin\sfml-window-2.dll" />
    <None Include="..\..\..\SFML-2.5.0-windows-vc15-32-bit\SFML-2.5.0\bin\sfml-window-d-2.dll" />
  </ItemGroup>
</Project>